
Microsoft Visual Studio Solution File, Format Version 12.00
# Visual Studio Version 16
VisualStudioVersion = 16.0.808.10
MinimumVisualStudioVersion = 10.0.40219.1
Project("{FAE04EC0-301F-11D3-BF4B-00C04F79EFBC}") = "ResponsiPemrograman3326", "ResponsiPemrograman3326\ResponsiPemrograman3326.csproj", "{48626185-54E9-4C91-91F0-4380933BC557}"
EndProject
Global
	GlobalSection(SolutionConfigurationPlatforms) = preSolution
		Debug|anycpu = Debug|anycpu
		Release|anycpu = Release|anycpu
	EndGlobalSection
	GlobalSection(ProjectConfigurationPlatforms) = postSolution
		{48626185-54E9-4C91-91F0-4380933BC557}.Debug|anycpu.ActiveCfg = Debug|anycpu
		{48626185-54E9-4C91-91F0-4380933BC557}.Debug|anycpu.Build.0 = Debug|anycpu
		{48626185-54E9-4C91-91F0-4380933BC557}.Release|anycpu.ActiveCfg = Release|anycpu
		{48626185-54E9-4C91-91F0-4380933BC557}.Release|anycpu.Build.0 = Release|anycpu
	EndGlobalSection
	GlobalSection(SolutionProperties) = preSolution
		HideSolutionNode = FALSE
	EndGlobalSection
	GlobalSection(ExtensibilityGlobals) = postSolution
		SolutionGuid = {B1F62A82-03D6-46FE-87FB-565B643C9C9A}
	EndGlobalSection
EndGlobal
